
Microsoft Visual Studio Solution File, Format Version 12.00
# Visual Studio 15
VisualStudioVersion = 15.0.28010.2046
MinimumVisualStudioVersion = 10.0.40219.1
Project("{FAE04EC0-301F-11D3-BF4B-00C04F79EFBC}") = "BMI.Android", "BMI\BMI.Android\BMI.Android.csproj", "{73E227F1-6807-40EC-851D-29FCC0D8DD37}"
EndProject
Project("{FAE04EC0-301F-11D3-BF4B-00C04F79EFBC}") = "BMI.iOS", "BMI\BMI.iOS\BMI.iOS.csproj", "{8ED17C28-3295-475C-B097-9CDE60195CA1}"
EndProject
Project("{FAE04EC0-301F-11D3-BF4B-00C04F79EFBC}") = "BMI", "BMI\BMI\BMI.csproj", "{A022529E-BF85-4FAE-8FB2-0D91283A2772}"
EndProject
Global
	GlobalSection(SolutionConfigurationPlatforms) = preSolution
		Ad-Hoc|Any CPU = Ad-Hoc|Any CPU
		Ad-Hoc|iPhone = Ad-Hoc|iPhone
		Ad-Hoc|iPhoneSimulator = Ad-Hoc|iPhoneSimulator
		AppStore|Any CPU = AppStore|Any CPU
		AppStore|iPhone = AppStore|iPhone
		AppStore|iPhoneSimulator = AppStore|iPhoneSimulator
		Debug|Any CPU = Debug|Any CPU
		Debug|iPhone = Debug|iPhone
		Debug|iPhoneSimulator = Debug|iPhoneSimulator
		Release|Any CPU = Release|Any CPU
		Release|iPhone = Release|iPhone
		Release|iPhoneSimulator = Release|iPhoneSimulator
	EndGlobalSection
	GlobalSection(ProjectConfigurationPlatforms) = postSolution
		{73E227F1-6807-40EC-851D-29FCC0D8DD37}.Ad-Hoc|Any CPU.ActiveCfg = Release|Any CPU
		{73E227F1-6807-40EC-851D-29FCC0D8DD37}.Ad-Hoc|Any CPU.Build.0 = Release|Any CPU
		{73E227F1-6807-40EC-851D-29FCC0D8DD37}.Ad-Hoc|Any CPU.Deploy.0 = Release|Any CPU
		{73E227F1-6807-40EC-851D-29FCC0D8DD37}.Ad-Hoc|iPhone.ActiveCfg = Release|Any CPU
		{73E227F1-6807-40EC-851D-29FCC0D8DD37}.Ad-Hoc|iPhone.Build.0 = Release|Any CPU
		{73E227F1-6807-40EC-851D-29FCC0D8DD37}.Ad-Hoc|iPhone.Deploy.0 = Release|Any CPU
		{73E227F1-6807-40EC-851D-29FCC0D8DD37}.Ad-Hoc|iPhoneSimulator.ActiveCfg = Release|Any CPU
		{73E227F1-6807-40EC-851D-29FCC0D8DD37}.Ad-Hoc|iPhoneSimulator.Build.0 = Release|Any CPU
		{73E227F1-6807-40EC-851D-29FCC0D8DD37}.Ad-Hoc|iPhoneSimulator.Deploy.0 = Release|Any CPU
		{73E227F1-6807-40EC-851D-29FCC0D8DD37}.AppStore|Any CPU.ActiveCfg = Release|Any CPU
		{73E227F1-6807-40EC-851D-29FCC0D8DD37}.AppStore|Any CPU.Build.0 = Release|Any CPU
		{73E227F1-6807-40EC-851D-29FCC0D8DD37}.AppStore|Any CPU.Deploy.0 = Release|Any CPU
		{73E227F1-6807-40EC-851D-29FCC0D8DD37}.AppStore|iPhone.ActiveCfg = Release|Any CPU
		{73E227F1-6807-40EC-851D-29FCC0D8DD37}.AppStore|iPhone.Build.0 = Release|Any CPU
		{73E227F1-6807-40EC-851D-29FCC0D8DD37}.AppStore|iPhone.Deploy.0 = Release|Any CPU
		{73E227F1-6807-40EC-851D-29FCC0D8DD37}.AppStore|iPhoneSimulator.ActiveCfg = Release|Any CPU
		{73E227F1-6807-40EC-851D-29FCC0D8DD37}.AppStore|iPhoneSimulator.Build.0 = Release|Any CPU
		{73E227F1-6807-40EC-851D-29FCC0D8DD37}.AppStore|iPhoneSimulator.Deploy.0 = Release|Any CPU
		{73E227F1-6807-40EC-851D-29FCC0D8DD37}.Debug|Any CPU.ActiveCfg = Debug|Any CPU
		{73E227F1-6807-40EC-851D-29FCC0D8DD37}.Debug|Any CPU.Build.0 = Debug|Any CPU
		{73E227F1-6807-40EC-851D-29FCC0D8DD37}.Debug|Any CPU.Deploy.0 = Debug|Any CPU
		{73E227F1-6807-40EC-851D-29FCC0D8DD37}.Debug|iPhone.ActiveCfg = Debug|Any CPU
		{73E227F1-6807-40EC-851D-29FCC0D8DD37}.Debug|iPhone.Build.0 = Debug|Any CPU
		{73E227F1-6807-40EC-851D-29FCC0D8DD37}.Debug|iPhone.Deploy.0 = Debug|Any CPU
		{73E227F1-6807-40EC-851D-29FCC0D8DD37}.Debug|iPhoneSimulator.ActiveCfg = Debug|Any CPU
		{73E227F1-6807-40EC-851D-29FCC0D8DD37}.Debug|iPhoneSimulator.Build.0 = Debug|Any CPU
		{73E227F1-6807-40EC-851D-29FCC0D8DD37}.Debug|iPhoneSimulator.Deploy.0 = Debug|Any CPU
		{73E227F1-6807-40EC-851D-29FCC0D8DD37}.Release|Any CPU.ActiveCfg = Release|Any CPU
		{73E227F1-6807-40EC-851D-29FCC0D8DD37}.Release|Any CPU.Build.0 = Release|Any CPU
		{73E227F1-6807-40EC-851D-29FCC0D8DD37}.Release|Any CPU.Deploy.0 = Release|Any CPU
		{73E227F1-6807-40EC-851D-29FCC0D8DD37}.Release|iPhone.ActiveCfg = Release|Any CPU
		{73E227F1-6807-40EC-851D-29FCC0D8DD37}.Release|iPhone.Build.0 = Release|Any CPU
		{73E227F1-6807-40EC-851D-29FCC0D8DD37}.Release|iPhone.Deploy.0 = Release|Any CPU
		{73E227F1-6807-40EC-851D-29FCC0D8DD37}.Release|iPhoneSimulator.ActiveCfg = Release|Any CPU
		{73E227F1-6807-40EC-851D-29FCC0D8DD37}.Release|iPhoneSimulator.Build.0 = Release|Any CPU
		{73E227F1-6807-40EC-851D-29FCC0D8DD37}.Release|iPhoneSimulator.Deploy.0 = Release|Any CPU
		{8ED17C28-3295-475C-B097-9CDE60195CA1}.Ad-Hoc|Any CPU.ActiveCfg = Ad-Hoc|iPhone
		{8ED17C28-3295-475C-B097-9CDE60195CA1}.Ad-Hoc|Any CPU.Build.0 = Ad-Hoc|iPhone
		{8ED17C28-3295-475C-B097-9CDE60195CA1}.Ad-Hoc|Any CPU.Deploy.0 = Ad-Hoc|iPhone
		{8ED17C28-3295-475C-B097-9CDE60195CA1}.Ad-Hoc|iPhone.ActiveCfg = Ad-Hoc|iPhone
		{8ED17C28-3295-475C-B097-9CDE60195CA1}.Ad-Hoc|iPhone.Build.0 = Ad-Hoc|iPhone
		{8ED17C28-3295-475C-B097-9CDE60195CA1}.Ad-Hoc|iPhone.Deploy.0 = Ad-Hoc|iPhone
		{8ED17C28-3295-475C-B097-9CDE60195CA1}.Ad-Hoc|iPhoneSimulator.ActiveCfg = Ad-Hoc|iPhoneSimulator
		{8ED17C28-3295-475C-B097-9CDE60195CA1}.Ad-Hoc|iPhoneSimulator.Build.0 = Ad-Hoc|iPhoneSimulator
		{8ED17C28-3295-475C-B097-9CDE60195CA1}.Ad-Hoc|iPhoneSimulator.Deploy.0 = Ad-Hoc|iPhoneSimulator
		{8ED17C28-3295-475C-B097-9CDE60195CA1}.AppStore|Any CPU.ActiveCfg = AppStore|iPhone
		{8ED17C28-3295-475C-B097-9CDE60195CA1}.AppStore|Any CPU.Build.0 = AppStore|iPhone
		{8ED17C28-3295-475C-B097-9CDE60195CA1}.AppStore|Any CPU.Deploy.0 = AppStore|iPhone
		{8ED17C28-3295-475C-B097-9CDE60195CA1}.AppStore|iPhone.ActiveCfg = AppStore|iPhone
		{8ED17C28-3295-475C-B097-9CDE60195CA1}.AppStore|iPhone.Build.0 = AppStore|iPhone
		{8ED17C28-3295-475C-B097-9CDE60195CA1}.AppStore|iPhone.Deploy.0 = AppStore|iPhone
		{8ED17C28-3295-475C-B097-9CDE60195CA1}.AppStore|iPhoneSimulator.ActiveCfg = AppStore|iPhoneSimulator
		{8ED17C28-3295-475C-B097-9CDE60195CA1}.AppStore|iPhoneSimulator.Build.0 = AppStore|iPhoneSimulator
		{8ED17C28-3295-475C-B097-9CDE60195CA1}.AppStore|iPhoneSimulator.Deploy.0 = AppStore|iPhoneSimulator
		{8ED17C28-3295-475C-B097-9CDE60195CA1}.Debug|Any CPU.ActiveCfg = Debug|iPhoneSimulator
		{8ED17C28-3295-475C-B097-9CDE60195CA1}.Debug|Any CPU.Build.0 = Debug|iPhoneSimulator
		{8ED17C28-3295-475C-B097-9CDE60195CA1}.Debug|Any CPU.Deploy.0 = Debug|iPhoneSimulator
		{8ED17C28-3295-475C-B097-9CDE60195CA1}.Debug|iPhone.ActiveCfg = Debug|iPhone
		{8ED17C28-3295-475C-B097-9CDE60195CA1}.Debug|iPhone.Build.0 = Debug|iPhone
		{8ED17C28-3295-475C-B097-9CDE60195CA1}.Debug|iPhone.Deploy.0 = Debug|iPhone
		{8ED17C28-3295-475C-B097-9CDE60195CA1}.Debug|iPhoneSimulator.ActiveCfg = Debug|iPhoneSimulator
		{8ED17C28-3295-475C-B097-9CDE60195CA1}.Debug|iPhoneSimulator.Build.0 = Debug|iPhoneSimulator
		{8ED17C28-3295-475C-B097-9CDE60195CA1}.Debug|iPhoneSimulator.Deploy.0 = Debug|iPhoneSimulator
		{8ED17C28-3295-475C-B097-9CDE60195CA1}.Release|Any CPU.ActiveCfg = Release|iPhone
		{8ED17C28-3295-475C-B097-9CDE60195CA1}.Release|Any CPU.Build.0 = Release|iPhone
		{8ED17C28-3295-475C-B097-9CDE60195CA1}.Release|Any CPU.Deploy.0 = Release|iPhone
		{8ED17C28-3295-475C-B097-9CDE60195CA1}.Release|iPhone.ActiveCfg = Release|iPhone
		{8ED17C28-3295-475C-B097-9CDE60195CA1}.Release|iPhone.Build.0 = Release|iPhone
		{8ED17C28-3295-475C-B097-9CDE60195CA1}.Release|iPhone.Deploy.0 = Release|iPhone
		{8ED17C28-3295-475C-B097-9CDE60195CA1}.Release|iPhoneSimulator.ActiveCfg = Release|iPhoneSimulator
		{8ED17C28-3295-475C-B097-9CDE60195CA1}.Release|iPhoneSimulator.Build.0 = Release|iPhoneSimulator
		{8ED17C28-3295-475C-B097-9CDE60195CA1}.Release|iPhoneSimulator.Deploy.0 = Release|iPhoneSimulator
		{A022529E-BF85-4FAE-8FB2-0D91283A2772}.Ad-Hoc|Any CPU.ActiveCfg = Debug|Any CPU
		{A022529E-BF85-4FAE-8FB2-0D91283A2772}.Ad-Hoc|Any CPU.Build.0 = Debug|Any CPU
		{A022529E-BF85-4FAE-8FB2-0D91283A2772}.Ad-Hoc|Any CPU.Deploy.0 = Debug|Any CPU
		{A022529E-BF85-4FAE-8FB2-0D91283A2772}.Ad-Hoc|iPhone.ActiveCfg = Debug|Any CPU
		{A022529E-BF85-4FAE-8FB2-0D91283A2772}.Ad-Hoc|iPhone.Build.0 = Debug|Any CPU
		{A022529E-BF85-4FAE-8FB2-0D91283A2772}.Ad-Hoc|iPhone.Deploy.0 = Debug|Any CPU
		{A022529E-BF85-4FAE-8FB2-0D91283A2772}.Ad-Hoc|iPhoneSimulator.ActiveCfg = Debug|Any CPU
		{A022529E-BF85-4FAE-8FB2-0D91283A2772}.Ad-Hoc|iPhoneSimulator.Build.0 = Debug|Any CPU
		{A022529E-BF85-4FAE-8FB2-0D91283A2772}.Ad-Hoc|iPhoneSimulator.Deploy.0 = Debug|Any CPU
		{A022529E-BF85-4FAE-8FB2-0D91283A2772}.AppStore|Any CPU.ActiveCfg = Debug|Any CPU
		{A022529E-BF85-4FAE-8FB2-0D91283A2772}.AppStore|Any CPU.Build.0 = Debug|Any CPU
		{A022529E-BF85-4FAE-8FB2-0D91283A2772}.AppStore|Any CPU.Deploy.0 = Debug|Any CPU
		{A022529E-BF85-4FAE-8FB2-0D91283A2772}.AppStore|iPhone.ActiveCfg = Debug|Any CPU
		{A022529E-BF85-4FAE-8FB2-0D91283A2772}.AppStore|iPhone.Build.0 = Debug|Any CPU
		{A022529E-BF85-4FAE-8FB2-0D91283A2772}.AppStore|iPhone.Deploy.0 = Debug|Any CPU
		{A022529E-BF85-4FAE-8FB2-0D91283A2772}.AppStore|iPhoneSimulator.ActiveCfg = Debug|Any CPU
		{A022529E-BF85-4FAE-8FB2-0D91283A2772}.AppStore|iPhoneSimulator.Build.0 = Debug|Any CPU
		{A022529E-BF85-4FAE-8FB2-0D91283A2772}.AppStore|iPhoneSimulator.Deploy.0 = Debug|Any CPU
		{A022529E-BF85-4FAE-8FB2-0D91283A2772}.Debug|Any CPU.ActiveCfg = Debug|Any CPU
		{A022529E-BF85-4FAE-8FB2-0D91283A2772}.Debug|Any CPU.Build.0 = Debug|Any CPU
		{A022529E-BF85-4FAE-8FB2-0D91283A2772}.Debug|Any CPU.Deploy.0 = Debug|Any CPU
		{A022529E-BF85-4FAE-8FB2-0D91283A2772}.Debug|iPhone.ActiveCfg = Debug|Any CPU
		{A022529E-BF85-4FAE-8FB2-0D91283A2772}.Debug|iPhone.Build.0 = Debug|Any CPU
		{A022529E-BF85-4FAE-8FB2-0D91283A2772}.Debug|iPhone.Deploy.0 = Debug|Any CPU
		{A022529E-BF85-4FAE-8FB2-0D91283A2772}.Debug|iPhoneSimulator.ActiveCfg = Debug|Any CPU
		{A022529E-BF85-4FAE-8FB2-0D91283A2772}.Debug|iPhoneSimulator.Build.0 = Debug|Any CPU
		{A022529E-BF85-4FAE-8FB2-0D91283A2772}.Debug|iPhoneSimulator.Deploy.0 = Debug|Any CPU
		{A022529E-BF85-4FAE-8FB2-0D91283A2772}.Release|Any CPU.ActiveCfg = Release|Any CPU
		{A022529E-BF85-4FAE-8FB2-0D91283A2772}.Release|Any CPU.Build.0 = Release|Any CPU
		{A022529E-BF85-4FAE-8FB2-0D91283A2772}.Release|Any CPU.Deploy.0 = Release|Any CPU
		{A022529E-BF85-4FAE-8FB2-0D91283A2772}.Release|iPhone.ActiveCfg = Release|Any CPU
		{A022529E-BF85-4FAE-8FB2-0D91283A2772}.Release|iPhone.Build.0 = Release|Any CPU
		{A022529E-BF85-4FAE-8FB2-0D91283A2772}.Release|iPhone.Deploy.0 = Release|Any CPU
		{A022529E-BF85-4FAE-8FB2-0D91283A2772}.Release|iPhoneSimulator.ActiveCfg = Release|Any CPU
		{A022529E-BF85-4FAE-8FB2-0D91283A2772}.Release|iPhoneSimulator.Build.0 = Release|Any CPU
		{A022529E-BF85-4FAE-8FB2-0D91283A2772}.Release|iPhoneSimulator.Deploy.0 = Release|Any CPU
	EndGlobalSection
	GlobalSection(SolutionProperties) = preSolution
		HideSolutionNode = FALSE
	EndGlobalSection
	GlobalSection(ExtensibilityGlobals) = postSolution
		SolutionGuid = {A4A9B229-AEF4-488E-855E-D277D2B18C53}
	EndGlobalSection
EndGlobal
